// !$*UTF8*$!
{
	archiveVersion = 1;
	classes = {
	};
	objectVersion = 56;
	objects = {

/* Begin PBXBuildFile section */
		CEBC5D462A2DA5E2006D9A6C /* AppDelegate.swift in Sources */ = {isa = PBXBuildFile; fileRef = CEBC5D452A2DA5E2006D9A6C /* AppDelegate.swift */; };
		CEBC5D482A2DA5E2006D9A6C /* SceneDelegate.swift in Sources */ = {isa = PBXBuildFile; fileRef = CEBC5D472A2DA5E2006D9A6C /* SceneDelegate.swift */; };
		CEBC5D4A2A2DA5E2006D9A6C /* ViewController.swift in Sources */ = {isa = PBXBuildFile; fileRef = CEBC5D492A2DA5E2006D9A6C /* ViewController.swift */; };
		CEBC5D4D2A2DA5E2006D9A6C /* Main.storyboard in Resources */ = {isa = PBXBuildFile; fileRef = CEBC5D4B2A2DA5E2006D9A6C /* Main.storyboard */; };
		CEBC5D4F2A2DA5F7006D9A6C /* Assets.xcassets in Resources */ = {isa = PBXBuildFile; fileRef = CEBC5D4E2A2DA5F7006D9A6C /* Assets.xcassets */; };
		CEBC5D522A2DA5F8006D9A6C /* LaunchScreen.storyboard in Resources */ = {isa = PBXBuildFile; fileRef = CEBC5D502A2DA5F8006D9A6C /* LaunchScreen.storyboard */; };
		CEBC5D5D2A2DA5F9006D9A6C /* Tip_CalculatorTests.swift in Sources */ = {isa = PBXBuildFile; fileRef = CEBC5D5C2A2DA5F9006D9A6C /* Tip_CalculatorTests.swift */; };
		CEBC5D672A2DA5F9006D9A6C /* Tip_CalculatorUITests.swift in Sources */ = {isa = PBXBuildFile; fileRef = CEBC5D662A2DA5F9006D9A6C /* Tip_CalculatorUITests.swift */; };
		CEBC5D692A2DA5F9006D9A6C /* Tip_CalculatorUITestsLaunchTests.swift in Sources */ = {isa = PBXBuildFile; fileRef = CEBC5D682A2DA5F9006D9A6C /* Tip_CalculatorUITestsLaunchTests.swift */; };
		CEBC5D792A2E16FD006D9A6C /* ResultViewController.swift in Sources */ = {isa = PBXBuildFile; fileRef = CEBC5D782A2E16FC006D9A6C /* ResultViewController.swift */; };
/* End PBXBuildFile section */

/* Begin PBXContainerItemProxy section */
		CEBC5D592A2DA5F9006D9A6C /* PBXContainerItemProxy */ = {
			isa = PBXContainerItemProxy;
			containerPortal = CEBC5D3A2A2DA5E1006D9A6C /* Project object */;
			proxyType = 1;
			remoteGlobalIDString = CEBC5D412A2DA5E1006D9A6C;
			remoteInfo = "Tip Calculator";
		};
		CEBC5D632A2DA5F9006D9A6C /* PBXContainerItemProxy */ = {
			isa = PBXContainerItemProxy;
			containerPortal = CEBC5D3A2A2DA5E1006D9A6C /* Project object */;
			proxyType = 1;
			remoteGlobalIDString = CEBC5D412A2DA5E1006D9A6C;
			remoteInfo = "Tip Calculator";
		};
/* End PBXContainerItemProxy section */

/* Begin PBXFileReference section */
		CEBC5D422A2DA5E1006D9A6C /* Tip Calculator.app */ = {isa = PBXFileReference; explicitFileType = wrapper.application; includeInIndex = 0; path = "Tip Calculator.app"; sourceTree = BUILT_PRODUCTS_DIR; };
		CEBC5D452A2DA5E2006D9A6C /* AppDelegate.swift */ = {isa = PBXFileReference; lastKnownFileType = sourcecode.swift; path = AppDelegate.swift; sourceTree = "<group>"; };
		CEBC5D472A2DA5E2006D9A6C /* SceneDelegate.swift */ = {isa = PBXFileReference; lastKnownFileType = sourcecode.swift; path = SceneDelegate.swift; sourceTree = "<group>"; };
		CEBC5D492A2DA5E2006D9A6C /* ViewController.swift */ = {isa = PBXFileReference; lastKnownFileType = sourcecode.swift; path = ViewController.swift; sourceTree = "<group>"; };
		CEBC5D4C2A2DA5E2006D9A6C /* Base */ = {isa = PBXFileReference; lastKnownFileType = file.storyboard; name = Base; path = Base.lproj/Main.storyboard; sourceTree = "<group>"; };
		CEBC5D4E2A2DA5F7006D9A6C /* Assets.xcassets */ = {isa = PBXFileReference; lastKnownFileType = folder.assetcatalog; path = Assets.xcassets; sourceTree = "<group>"; };
		CEBC5D512A2DA5F8006D9A6C /* Base */ = {isa = PBXFileReference; lastKnownFileType = file.storyboard; name = Base; path = Base.lproj/LaunchScreen.storyboard; sourceTree = "<group>"; };
		CEBC5D532A2DA5F8006D9A6C /* Info.plist */ = {isa = PBXFileReference; lastKnownFileType = text.plist.xml; path = Info.plist; sourceTree = "<group>"; };
		CEBC5D582A2DA5F9006D9A6C /* Tip CalculatorTests.xctest */ = {isa = PBXFileReference; explicitFileType = wrapper.cfbundle; includeInIndex = 0; path = "Tip CalculatorTests.xctest"; sourceTree = BUILT_PRODUCTS_DIR; };
		CEBC5D5C2A2DA5F9006D9A6C /* Tip_CalculatorTests.swift */ = {isa = PBXFileReference; lastKnownFileType = sourcecode.swift; path = Tip_CalculatorTests.swift; sourceTree = "<group>"; };
		CEBC5D622A2DA5F9006D9A6C /* Tip CalculatorUITests.xctest */ = {isa = PBXFileReference; explicitFileType = wrapper.cfbundle; includeInIndex = 0; path = "Tip CalculatorUITests.xctest"; sourceTree = BUILT_PRODUCTS_DIR; };
		CEBC5D662A2DA5F9006D9A6C /* Tip_CalculatorUITests.swift */ = {isa = PBXFileReference; lastKnownFileType = sourcecode.swift; path = Tip_CalculatorUITests.swift; sourceTree = "<group>"; };
		CEBC5D682A2DA5F9006D9A6C /* Tip_CalculatorUITestsLaunchTests.swift */ = {isa = PBXFileReference; lastKnownFileType = sourcecode.swift; path = Tip_CalculatorUITestsLaunchTests.swift; sourceTree = "<group>"; };
		CEBC5D782A2E16FC006D9A6C /* ResultViewController.swift */ = {isa = PBXFileReference; lastKnownFileType = sourcecode.swift; path = ResultViewController.swift; sourceTree = "<group>"; };
/* End PBXFileReference section */

/* Begin PBXFrameworksBuildPhase section */
		CEBC5D3F2A2DA5E1006D9A6C /* Frameworks */ = {
			isa = PBXFrameworksBuildPhase;
			buildActionMask = 2147483647;
			files = (
			);
			runOnlyForDeploymentPostprocessing = 0;
		};
		CEBC5D552A2DA5F9006D9A6C /* Frameworks */ = {
			isa = PBXFrameworksBuildPhase;
			buildActionMask = 2147483647;
			files = (
			);
			runOnlyForDeploymentPostprocessing = 0;
		};
		CEBC5D5F2A2DA5F9006D9A6C /* Frameworks */ = {
			isa = PBXFrameworksBuildPhase;
			buildActionMask = 2147483647;
			files = (
			);
			runOnlyForDeploymentPostprocessing = 0;
		};
/* End PBXFrameworksBuildPhase section */

/* Begin PBXGroup section */
		CEBC5D392A2DA5E1006D9A6C = {
			isa = PBXGroup;
			children = (
				CEBC5D442A2DA5E1006D9A6C /* Tip Calculator */,
				CEBC5D5B2A2DA5F9006D9A6C /* Tip CalculatorTests */,
				CEBC5D652A2DA5F9006D9A6C /* Tip CalculatorUITests */,
				CEBC5D432A2DA5E1006D9A6C /* Products */,
			);
			sourceTree = "<group>";
		};
		CEBC5D432A2DA5E1006D9A6C /* Products */ = {
			isa = PBXGroup;
			children = (
				CEBC5D422A2DA5E1006D9A6C /* Tip Calculator.app */,
				CEBC5D582A2DA5F9006D9A6C /* Tip CalculatorTests.xctest */,
				CEBC5D622A2DA5F9006D9A6C /* Tip CalculatorUITests.xctest */,
			);
			name = Products;
			sourceTree = "<group>";
		};
		CEBC5D442A2DA5E1006D9A6C /* Tip Calculator */ = {
			isa = PBXGroup;
			children = (
				CEBC5D452A2DA5E2006D9A6C /* AppDelegate.swift */,
				CEBC5D472A2DA5E2006D9A6C /* SceneDelegate.swift */,
				CEBC5D772A2DF5D4006D9A6C /* Model */,
				CEBC5D762A2DF5C0006D9A6C /* View */,
				CEBC5D752A2DF597006D9A6C /* Controllers */,
				CEBC5D4E2A2DA5F7006D9A6C /* Assets.xcassets */,
				CEBC5D502A2DA5F8006D9A6C /* LaunchScreen.storyboard */,
				CEBC5D532A2DA5F8006D9A6C /* Info.plist */,
			);
			path = "Tip Calculator";
			sourceTree = "<group>";
		};
		CEBC5D5B2A2DA5F9006D9A6C /* Tip CalculatorTests */ = {
			isa = PBXGroup;
			children = (
				CEBC5D5C2A2DA5F9006D9A6C /* Tip_CalculatorTests.swift */,
			);
			path = "Tip CalculatorTests";
			sourceTree = "<group>";
		};
		CEBC5D652A2DA5F9006D9A6C /* Tip CalculatorUITests */ = {
			isa = PBXGroup;
			children = (
				CEBC5D662A2DA5F9006D9A6C /* Tip_CalculatorUITests.swift */,
				CEBC5D682A2DA5F9006D9A6C /* Tip_CalculatorUITestsLaunchTests.swift */,
			);
			path = "Tip CalculatorUITests";
			sourceTree = "<group>";
		};
		CEBC5D752A2DF597006D9A6C /* Controllers */ = {
			isa = PBXGroup;
			children = (
				CEBC5D492A2DA5E2006D9A6C /* ViewController.swift */,
				CEBC5D782A2E16FC006D9A6C /* ResultViewController.swift */,
			);
			path = Controllers;
			sourceTree = "<group>";
		};
		CEBC5D762A2DF5C0006D9A6C /* View */ = {
			isa = PBXGroup;
			children = (
				CEBC5D4B2A2DA5E2006D9A6C /* Main.storyboard */,
			);
			path = View;
			sourceTree = "<group>";
		};
		CEBC5D772A2DF5D4006D9A6C /* Model */ = {
			isa = PBXGroup;
			children = (
			);
			path = Model;
			sourceTree = "<group>";
		};
/* End PBXGroup section */

/* Begin PBXNativeTarget section */
		CEBC5D412A2DA5E1006D9A6C /* Tip Calculator */ = {
			isa = PBXNativeTarget;
			buildConfigurationList = CEBC5D6C2A2DA5F9006D9A6C /* Build configuration list for PBXNativeTarget "Tip Calculator" */;
			buildPhases = (
				CEBC5D3E2A2DA5E1006D9A6C /* Sources */,
				CEBC5D3F2A2DA5E1006D9A6C /* Frameworks */,
				CEBC5D402A2DA5E1006D9A6C /* Resources */,
			);
			buildRules = (
			);
			dependencies = (
			);
			name = "Tip Calculator";
			productName = "Tip Calculator";
			productReference = CEBC5D422A2DA5E1006D9A6C /* Tip Calculator.app */;
			productType = "com.apple.product-type.application";
		};
		CEBC5D572A2DA5F9006D9A6C /* Tip CalculatorTests */ = {
			isa = PBXNativeTarget;
			buildConfigurationList = CEBC5D6F2A2DA5F9006D9A6C /* Build configuration list for PBXNativeTarget "Tip CalculatorTests" */;
			buildPhases = (
				CEBC5D542A2DA5F9006D9A6C /* Sources */,
				CEBC5D552A2DA5F9006D9A6C /* Frameworks */,
				CEBC5D562A2DA5F9006D9A6C /* Resources */,
			);
			buildRules = (
			);
			dependencies = (
				CEBC5D5A2A2DA5F9006D9A6C /* PBXTargetDependency */,
			);
			name = "Tip CalculatorTests";
			productName = "Tip CalculatorTests";
			productReference = CEBC5D582A2DA5F9006D9A6C /* Tip CalculatorTests.xctest */;
			productType = "com.apple.product-type.bundle.unit-test";
		};
		CEBC5D612A2DA5F9006D9A6C /* Tip CalculatorUITests */ = {
			isa = PBXNativeTarget;
			buildConfigurationList = CEBC5D722A2DA5F9006D9A6C /* Build configuration list for PBXNativeTarget "Tip CalculatorUITests" */;
			buildPhases = (
				CEBC5D5E2A2DA5F9006D9A6C /* Sources */,
				CEBC5D5F2A2DA5F9006D9A6C /* Frameworks */,
				CEBC5D602A2DA5F9006D9A6C /* Resources */,
			);
			buildRules = (
			);
			dependencies = (
				CEBC5D642A2DA5F9006D9A6C /* PBXTargetDependency */,
			);
			name = "Tip CalculatorUITests";
			productName = "Tip CalculatorUITests";
			productReference = CEBC5D622A2DA5F9006D9A6C /* Tip CalculatorUITests.xctest */;
			productType = "com.apple.product-type.bundle.ui-testing";
		};
/* End PBXNativeTarget section */

/* Begin PBXProject section */
		CEBC5D3A2A2DA5E1006D9A6C /* Project object */ = {
			isa = PBXProject;
			attributes = {
				BuildIndependentTargetsInParallel = 1;
				LastSwiftUpdateCheck = 1410;
				LastUpgradeCheck = 1410;
				TargetAttributes = {
					CEBC5D412A2DA5E1006D9A6C = {
						CreatedOnToolsVersion = 14.1;
					};
					CEBC5D572A2DA5F9006D9A6C = {
						CreatedOnToolsVersion = 14.1;
						TestTargetID = CEBC5D412A2DA5E1006D9A6C;
					};
					CEBC5D612A2DA5F9006D9A6C = {
						CreatedOnToolsVersion = 14.1;
						TestTargetID = CEBC5D412A2DA5E1006D9A6C;
					};
				};
			};
			buildConfigurationList = CEBC5D3D2A2DA5E1006D9A6C /* Build configuration list for PBXProject "Tip Calculator" */;
			compatibilityVersion = "Xcode 14.0";
			developmentRegion = en;
			hasScannedForEncodings = 0;
			knownRegions = (
				en,
				Base,
			);
			mainGroup = CEBC5D392A2DA5E1006D9A6C;
			productRefGroup = CEBC5D432A2DA5E1006D9A6C /* Products */;
			projectDirPath = "";
			projectRoot = "";
			targets = (
				CEBC5D412A2DA5E1006D9A6C /* Tip Calculator */,
				CEBC5D572A2DA5F9006D9A6C /* Tip CalculatorTests */,
				CEBC5D612A2DA5F9006D9A6C /* Tip CalculatorUITests */,
			);
		};
/* End PBXProject section */

/* Begin PBXResourcesBuildPhase section */
		CEBC5D402A2DA5E1006D9A6C /* Resources */ = {
			isa = PBXResourcesBuildPhase;
			buildActionMask = 2147483647;
			files = (
				CEBC5D522A2DA5F8006D9A6C /* LaunchScreen.storyboard in Resources */,
				CEBC5D4F2A2DA5F7006D9A6C /* Assets.xcassets in Resources */,
				CEBC5D4D2A2DA5E2006D9A6C /* Main.storyboard in Resources */,
			);
			runOnlyForDeploymentPostprocessing = 0;
		};
		CEBC5D562A2DA5F9006D9A6C /* Resources */ = {
			isa = PBXResourcesBuildPhase;
			buildActionMask = 2147483647;
			files = (
			);
			runOnlyForDeploymentPostprocessing = 0;
		};
		CEBC5D602A2DA5F9006D9A6C /* Resources */ = {
			isa = PBXResourcesBuildPhase;
			buildActionMask = 2147483647;
			files = (
			);
			runOnlyForDeploymentPostprocessing = 0;
		};
/* End PBXResourcesBuildPhase section */

/* Begin PBXSourcesBuildPhase section */
		CEBC5D3E2A2DA5E1006D9A6C /* Sources */ = {
			isa = PBXSourcesBuildPhase;
			buildActionMask = 2147483647;
			files = (
				CEBC5D4A2A2DA5E2006D9A6C /* ViewController.swift in Sources */,
				CEBC5D462A2DA5E2006D9A6C /* AppDelegate.swift in Sources */,
				CEBC5D482A2DA5E2006D9A6C /* SceneDelegate.swift in Sources */,
				CEBC5D792A2E16FD006D9A6C /* ResultViewController.swift in Sources */,
			);
			runOnlyForDeploymentPostprocessing = 0;
		};
		CEBC5D542A2DA5F9006D9A6C /* Sources */ = {
			isa = PBXSourcesBuildPhase;
			buildActionMask = 2147483647;
			files = (
				CEBC5D5D2A2DA5F9006D9A6C /* Tip_CalculatorTests.swift in Sources */,
			);
			runOnlyForDeploymentPostprocessing = 0;
		};
		CEBC5D5E2A2DA5F9006D9A6C /* Sources */ = {
			isa = PBXSourcesBuildPhase;
			buildActionMask = 2147483647;
			files = (
				CEBC5D692A2DA5F9006D9A6C /* Tip_CalculatorUITestsLaunchTests.swift in Sources */,
				CEBC5D672A2DA5F9006D9A6C /* Tip_CalculatorUITests.swift in Sources */,
			);
			runOnlyForDeploymentPostprocessing = 0;
		};
/* End PBXSourcesBuildPhase section */

/* Begin PBXTargetDependency section */
		CEBC5D5A2A2DA5F9006D9A6C /* PBXTargetDependency */ = {
			isa = PBXTargetDependency;
			target = CEBC5D412A2DA5E1006D9A6C /* Tip Calculator */;
			targetProxy = CEBC5D592A2DA5F9006D9A6C /* PBXContainerItemProxy */;
		};
		CEBC5D642A2DA5F9006D9A6C /* PBXTargetDependency */ = {
			isa = PBXTargetDependency;
			target = CEBC5D412A2DA5E1006D9A6C /* Tip Calculator */;
			targetProxy = CEBC5D632A2DA5F9006D9A6C /* PBXContainerItemProxy */;
		};
/* End PBXTargetDependency section */

/* Begin PBXVariantGroup section */
		CEBC5D4B2A2DA5E2006D9A6C /* Main.storyboard */ = {
			isa = PBXVariantGroup;
			children = (
				CEBC5D4C2A2DA5E2006D9A6C /* Base */,
			);
			name = Main.storyboard;
			sourceTree = "<group>";
		};
		CEBC5D502A2DA5F8006D9A6C /* LaunchScreen.storyboard */ = {
			isa = PBXVariantGroup;
			children = (
				CEBC5D512A2DA5F8006D9A6C /* Base */,
			);
			name = LaunchScreen.storyboard;
			sourceTree = "<group>";
		};
/* End PBXVariantGroup section */

/* Begin XCBuildConfiguration section */
		CEBC5D6A2A2DA5F9006D9A6C /* Debug */ = {
			isa = XCBuildConfiguration;
			buildSettings = {
				ALWAYS_SEARCH_USER_PATHS = NO;
				CLANG_ANALYZER_NONNULL = YES;
				CLANG_ANALYZER_NUMBER_OBJECT_CONVERSION = YES_AGGRESSIVE;
				CLANG_CXX_LANGUAGE_STANDARD = "gnu++20";
				CLANG_ENABLE_MODULES = YES;
				CLANG_ENABLE_OBJC_ARC = YES;
				CLANG_ENABLE_OBJC_WEAK = YES;
				CLANG_WARN_BLOCK_CAPTURE_AUTORELEASING = YES;
				CLANG_WARN_BOOL_CONVERSION = YES;
				CLANG_WARN_COMMA = YES;
				CLANG_WARN_CONSTANT_CONVERSION = YES;
				CLANG_WARN_DEPRECATED_OBJC_IMPLEMENTATIONS = YES;
				CLANG_WARN_DIRECT_OBJC_ISA_USAGE = YES_ERROR;
				CLANG_WARN_DOCUMENTATION_COMMENTS = YES;
				CLANG_WARN_EMPTY_BODY = YES;
				CLANG_WARN_ENUM_CONVERSION = YES;
				CLANG_WARN_INFINITE_RECURSION = YES;
				CLANG_WARN_INT_CONVERSION = YES;
				CLANG_WARN_NON_LITERAL_NULL_CONVERSION = YES;
				CLANG_WARN_OBJC_IMPLICIT_RETAIN_SELF = YES;
				CLANG_WARN_OBJC_LITERAL_CONVERSION = YES;
				CLANG_WARN_OBJC_ROOT_CLASS = YES_ERROR;
				CLANG_WARN_QUOTED_INCLUDE_IN_FRAMEWORK_HEADER = YES;
				CLANG_WARN_RANGE_LOOP_ANALYSIS = YES;
				CLANG_WARN_STRICT_PROTOTYPES = YES;
				CLANG_WARN_SUSPICIOUS_MOVE = YES;
				CLANG_WARN_UNGUARDED_AVAILABILITY = YES_AGGRESSIVE;
				CLANG_WARN_UNREACHABLE_CODE = YES;
				CLANG_WARN__DUPLICATE_METHOD_MATCH = YES;
				COPY_PHASE_STRIP = NO;
				DEBUG_INFORMATION_FORMAT = dwarf;
				ENABLE_STRICT_OBJC_MSGSEND = YES;
				ENABLE_TESTABILITY = YES;
				GCC_C_LANGUAGE_STANDARD = gnu11;
				GCC_DYNAMIC_NO_PIC = NO;
				GCC_NO_COMMON_BLOCKS = YES;
				GCC_OPTIMIZATION_LEVEL = 0;
				GCC_PREPROCESSOR_DEFINITIONS = (
					"DEBUG=1",
					"$(inherited)",
				);
				GCC_WARN_64_TO_32_BIT_CONVERSION = YES;
				GCC_WARN_ABOUT_RETURN_TYPE = YES_ERROR;
				GCC_WARN_UNDECLARED_SELECTOR = YES;
				GCC_WARN_UNINITIALIZED_AUTOS = YES_AGGRESSIVE;
				GCC_WARN_UNUSED_FUNCTION = YES;
				GCC_WARN_UNUSED_VARIABLE = YES;
				IPHONEOS_DEPLOYMENT_TARGET = 16.1;
				MTL_ENABLE_DEBUG_INFO = INCLUDE_SOURCE;
				MTL_FAST_MATH = YES;
				ONLY_ACTIVE_ARCH = YES;
				SDKROOT = iphoneos;
				SWIFT_ACTIVE_COMPILATION_CONDITIONS = DEBUG;
				SWIFT_OPTIMIZATION_LEVEL = "-Onone";
			};
			name = Debug;
		};
		CEBC5D6B2A2DA5F9006D9A6C /* Release */ = {
			isa = XCBuildConfiguration;
			buildSettings = {
				ALWAYS_SEARCH_USER_PATHS = NO;
				CLANG_ANALYZER_NONNULL = YES;
				CLANG_ANALYZER_NUMBER_OBJECT_CONVERSION = YES_AGGRESSIVE;
				CLANG_CXX_LANGUAGE_STANDARD = "gnu++20";
				CLANG_ENABLE_MODULES = YES;
				CLANG_ENABLE_OBJC_ARC = YES;
				CLANG_ENABLE_OBJC_WEAK = YES;
				CLANG_WARN_BLOCK_CAPTURE_AUTORELEASING = YES;
				CLANG_WARN_BOOL_CONVERSION = YES;
				CLANG_WARN_COMMA = YES;
				CLANG_WARN_CONSTANT_CONVERSION = YES;
				CLANG_WARN_DEPRECATED_OBJC_IMPLEMENTATIONS = YES;
				CLANG_WARN_DIRECT_OBJC_ISA_USAGE = YES_ERROR;
				CLANG_WARN_DOCUMENTATION_COMMENTS = YES;
				CLANG_WARN_EMPTY_BODY = YES;
				CLANG_WARN_ENUM_CONVERSION = YES;
				CLANG_WARN_INFINITE_RECURSION = YES;
				CLANG_WARN_INT_CONVERSION = YES;
				CLANG_WARN_NON_LITERAL_NULL_CONVERSION = YES;
				CLANG_WARN_OBJC_IMPLICIT_RETAIN_SELF = YES;
				CLANG_WARN_OBJC_LITERAL_CONVERSION = YES;
				CLANG_WARN_OBJC_ROOT_CLASS = YES_ERROR;
				CLANG_WARN_QUOTED_INCLUDE_IN_FRAMEWORK_HEADER = YES;
				CLANG_WARN_RANGE_LOOP_ANALYSIS = YES;
				CLANG_WARN_STRICT_PROTOTYPES = YES;
				CLANG_WARN_SUSPICIOUS_MOVE = YES;
				CLANG_WARN_UNGUARDED_AVAILABILITY = YES_AGGRESSIVE;
				CLANG_WARN_UNREACHABLE_CODE = YES;
				CLANG_WARN__DUPLICATE_METHOD_MATCH = YES;
				COPY_PHASE_STRIP = NO;
				DEBUG_INFORMATION_FORMAT = "dwarf-with-dsym";
				ENABLE_NS_ASSERTIONS = NO;
				ENABLE_STRICT_OBJC_MSGSEND = YES;
				GCC_C_LANGUAGE_STANDARD = gnu11;
				GCC_NO_COMMON_BLOCKS = YES;
				GCC_WARN_64_TO_32_BIT_CONVERSION = YES;
				GCC_WARN_ABOUT_RETURN_TYPE = YES_ERROR;
				GCC_WARN_UNDECLARED_SELECTOR = YES;
				GCC_WARN_UNINITIALIZED_AUTOS = YES_AGGRESSIVE;
				GCC_WARN_UNUSED_FUNCTION = YES;
				GCC_WARN_UNUSED_VARIABLE = YES;
				IPHONEOS_DEPLOYMENT_TARGET = 16.1;
				MTL_ENABLE_DEBUG_INFO = NO;
				MTL_FAST_MATH = YES;
				SDKROOT = iphoneos;
				SWIFT_COMPILATION_MODE = wholemodule;
				SWIFT_OPTIMIZATION_LEVEL = "-O";
				VALIDATE_PRODUCT = YES;
			};
			name = Release;
		};
		CEBC5D6D2A2DA5F9006D9A6C /* Debug */ = {
			isa = XCBuildConfiguration;
			buildSettings = {
				ASSETCATALOG_COMPILER_APPICON_NAME = AppIcon;
				ASSETCATALOG_COMPILER_GLOBAL_ACCENT_COLOR_NAME = AccentColor;
				CODE_SIGN_STYLE = Automatic;
				CURRENT_PROJECT_VERSION = 1;
				GENERATE_INFOPLIST_FILE = YES;
				INFOPLIST_FILE = "Tip Calculator/Info.plist";
				INFOPLIST_KEY_UIApplicationSupportsIndirectInputEvents = YES;
				INFOPLIST_KEY_UILaunchStoryboardName = LaunchScreen;
				INFOPLIST_KEY_UIMainStoryboardFile = Main;
				INFOPLIST_KEY_UISupportedInterfaceOrientations_iPad = "UIInterfaceOrientationPortrait UIInterfaceOrientationPortraitUpsideDown UIInterfaceOrientationLandscapeLeft UIInterfaceOrientationLandscapeRight";
				INFOPLIST_KEY_UISupportedInterfaceOrientations_iPhone = "UIInterfaceOrientationPortrait UIInterfaceOrientationLandscapeLeft UIInterfaceOrientationLandscapeRight";
				IPHONEOS_DEPLOYMENT_TARGET = 13.0;
				LD_RUNPATH_SEARCH_PATHS = (
					"$(inherited)",
					"@executable_path/Frameworks",
				);
				MARKETING_VERSION = 1.0;
				PRODUCT_BUNDLE_IDENTIFIER = "com.demo.Tip-Calculator";
				PRODUCT_NAME = "$(TARGET_NAME)";
				SWIFT_EMIT_LOC_STRINGS = YES;
				SWIFT_VERSION = 5.0;
				TARGETED_DEVICE_FAMILY = "1,2";
			};
			name = Debug;
		};
		CEBC5D6E2A2DA5F9006D9A6C /* Release */ = {
			isa = XCBuildConfiguration;
			buildSettings = {
				ASSETCATALOG_COMPILER_APPICON_NAME = AppIcon;
				ASSETCATALOG_COMPILER_GLOBAL_ACCENT_COLOR_NAME = AccentColor;
				CODE_SIGN_STYLE = Automatic;
				CURRENT_PROJECT_VERSION = 1;
				GENERATE_INFOPLIST_FILE = YES;
				INFOPLIST_FILE = "Tip Calculator/Info.plist";
				INFOPLIST_KEY_UIApplicationSupportsIndirectInputEvents = YES;
				INFOPLIST_KEY_UILaunchStoryboardName = LaunchScreen;
				INFOPLIST_KEY_UIMainStoryboardFile = Main;
				INFOPLIST_KEY_UISupportedInterfaceOrientations_iPad = "UIInterfaceOrientationPortrait UIInterfaceOrientationPortraitUpsideDown UIInterfaceOrientationLandscapeLeft UIInterfaceOrientationLandscapeRight";
				INFOPLIST_KEY_UISupportedInterfaceOrientations_iPhone = "UIInterfaceOrientationPortrait UIInterfaceOrientationLandscapeLeft UIInterfaceOrientationLandscapeRight";
				IPHONEOS_DEPLOYMENT_TARGET = 13.0;
				LD_RUNPATH_SEARCH_PATHS = (
					"$(inherited)",
					"@executable_path/Frameworks",
				);
				MARKETING_VERSION = 1.0;
				PRODUCT_BUNDLE_IDENTIFIER = "com.demo.Tip-Calculator";
				PRODUCT_NAME = "$(TARGET_NAME)";
				SWIFT_EMIT_LOC_STRINGS = YES;
				SWIFT_VERSION = 5.0;
				TARGETED_DEVICE_FAMILY = "1,2";
			};
			name = Release;
		};
		CEBC5D702A2DA5F9006D9A6C /* Debug */ = {
			isa = XCBuildConfiguration;
			buildSettings = {
				ALWAYS_EMBED_SWIFT_STANDARD_LIBRARIES = YES;
				BUNDLE_LOADER = "$(TEST_HOST)";
				CODE_SIGN_STYLE = Automatic;
				CURRENT_PROJECT_VERSION = 1;
				GENERATE_INFOPLIST_FILE = YES;
				IPHONEOS_DEPLOYMENT_TARGET = 16.1;
				MARKETING_VERSION = 1.0;
				PRODUCT_BUNDLE_IDENTIFIER = "com.demo.Tip-CalculatorTests";
				PRODUCT_NAME = "$(TARGET_NAME)";
				SWIFT_EMIT_LOC_STRINGS = NO;
				SWIFT_VERSION = 5.0;
				TARGETED_DEVICE_FAMILY = "1,2";
				TEST_HOST = "$(BUILT_PRODUCTS_DIR)/Tip Calculator.app/$(BUNDLE_EXECUTABLE_FOLDER_PATH)/Tip Calculator";
			};
			name = Debug;
		};
		CEBC5D712A2DA5F9006D9A6C /* Release */ = {
			isa = XCBuildConfiguration;
			buildSettings = {
				ALWAYS_EMBED_SWIFT_STANDARD_LIBRARIES = YES;
				BUNDLE_LOADER = "$(TEST_HOST)";
				CODE_SIGN_STYLE = Automatic;
				CURRENT_PROJECT_VERSION = 1;
				GENERATE_INFOPLIST_FILE = YES;
				IPHONEOS_DEPLOYMENT_TARGET = 16.1;
				MARKETING_VERSION = 1.0;
				PRODUCT_BUNDLE_IDENTIFIER = "com.demo.Tip-CalculatorTests";
				PRODUCT_NAME = "$(TARGET_NAME)";
				SWIFT_EMIT_LOC_STRINGS = NO;
				SWIFT_VERSION = 5.0;
				TARGETED_DEVICE_FAMILY = "1,2";
				TEST_HOST = "$(BUILT_PRODUCTS_DIR)/Tip Calculator.app/$(BUNDLE_EXECUTABLE_FOLDER_PATH)/Tip Calculator";
			};
			name = Release;
		};
		CEBC5D732A2DA5F9006D9A6C /* Debug */ = {
			isa = XCBuildConfiguration;
			buildSettings = {
				ALWAYS_EMBED_SWIFT_STANDARD_LIBRARIES = YES;
				CODE_SIGN_STYLE = Automatic;
				CURRENT_PROJECT_VERSION = 1;
				GENERATE_INFOPLIST_FILE = YES;
				MARKETING_VERSION = 1.0;
				PRODUCT_BUNDLE_IDENTIFIER = "com.demo.Tip-CalculatorUITests";
				PRODUCT_NAME = "$(TARGET_NAME)";
				SWIFT_EMIT_LOC_STRINGS = NO;
				SWIFT_VERSION = 5.0;
				TARGETED_DEVICE_FAMILY = "1,2";
				TEST_TARGET_NAME = "Tip Calculator";
			};
			name = Debug;
		};
		CEBC5D742A2DA5F9006D9A6C /* Release */ = {
			isa = XCBuildConfiguration;
			buildSettings = {
				ALWAYS_EMBED_SWIFT_STANDARD_LIBRARIES = YES;
				CODE_SIGN_STYLE = Automatic;
				CURRENT_PROJECT_VERSION = 1;
				GENERATE_INFOPLIST_FILE = YES;
				MARKETING_VERSION = 1.0;
				PRODUCT_BUNDLE_IDENTIFIER = "com.demo.Tip-CalculatorUITests";
				PRODUCT_NAME = "$(TARGET_NAME)";
				SWIFT_EMIT_LOC_STRINGS = NO;
				SWIFT_VERSION = 5.0;
				TARGETED_DEVICE_FAMILY = "1,2";
				TEST_TARGET_NAME = "Tip Calculator";
			};
			name = Release;
		};
/* End XCBuildConfiguration section */

/* Begin XCConfigurationList section */
		CEBC5D3D2A2DA5E1006D9A6C /* Build configuration list for PBXProject "Tip Calculator" */ = {
			isa = XCConfigurationList;
			buildConfigurations = (
				CEBC5D6A2A2DA5F9006D9A6C /* Debug */,
				CEBC5D6B2A2DA5F9006D9A6C /* Release */,
			);
			defaultConfigurationIsVisible = 0;
			defaultConfigurationName = Release;
		};
		CEBC5D6C2A2DA5F9006D9A6C /* Build configuration list for PBXNativeTarget "Tip Calculator" */ = {
			isa = XCConfigurationList;
			buildConfigurations = (
				CEBC5D6D2A2DA5F9006D9A6C /* Debug */,
				CEBC5D6E2A2DA5F9006D9A6C /* Release */,
			);
			defaultConfigurationIsVisible = 0;
			defaultConfigurationName = Release;
		};
		CEBC5D6F2A2DA5F9006D9A6C /* Build configuration list for PBXNativeTarget "Tip CalculatorTests" */ = {
			isa = XCConfigurationList;
			buildConfigurations = (
				CEBC5D702A2DA5F9006D9A6C /* Debug */,
				CEBC5D712A2DA5F9006D9A6C /* Release */,
			);
			defaultConfigurationIsVisible = 0;
			defaultConfigurationName = Release;
		};
		CEBC5D722A2DA5F9006D9A6C /* Build configuration list for PBXNativeTarget "Tip CalculatorUITests" */ = {
			isa = XCConfigurationList;
			buildConfigurations = (
				CEBC5D732A2DA5F9006D9A6C /* Debug */,
				CEBC5D742A2DA5F9006D9A6C /* Release */,
			);
			defaultConfigurationIsVisible = 0;
			defaultConfigurationName = Release;
		};
/* End XCConfigurationList section */
	};
	rootObject = CEBC5D3A2A2DA5E1006D9A6C /* Project object */;
}
